
Microsoft Visual Studio Solution File, Format Version 12.00
Project("{FAE04EC0-301F-11D3-BF4B-00C04F79EFBC}") = "Nullability", "Nullability\Nullability.csproj", "{09E4E28C-7F18-4700-9020-87B74155D743}"
EndProject
Global
	GlobalSection(SolutionConfigurationPlatforms) = preSolution
		Debug|Any CPU = Debug|Any CPU
		Release|Any CPU = Release|Any CPU
	EndGlobalSection
	GlobalSection(ProjectConfigurationPlatforms) = postSolution
		{09E4E28C-7F18-4700-9020-87B74155D743}.Debug|Any CPU.ActiveCfg = Debug|Any CPU
		{09E4E28C-7F18-4700-9020-87B74155D743}.Debug|Any CPU.Build.0 = Debug|Any CPU
		{09E4E28C-7F18-4700-9020-87B74155D743}.Release|Any CPU.ActiveCfg = Release|Any CPU
		{09E4E28C-7F18-4700-9020-87B74155D743}.Release|Any CPU.Build.0 = Release|Any CPU
	EndGlobalSection
EndGlobal
