
Microsoft Visual Studio Solution File, Format Version 12.00
Project("{FAE04EC0-301F-11D3-BF4B-00C04F79EFBC}") = "BackgroundServiceWebApi", "BackgroundServiceWebApi.csproj", "{CE328048-4DCF-4717-ACB9-A7359B565C71}"
EndProject
Global
	GlobalSection(SolutionConfigurationPlatforms) = preSolution
		Debug|Any CPU = Debug|Any CPU
		Release|Any CPU = Release|Any CPU
	EndGlobalSection
	GlobalSection(ProjectConfigurationPlatforms) = postSolution
		{CE328048-4DCF-4717-ACB9-A7359B565C71}.Debug|Any CPU.ActiveCfg = Debug|Any CPU
		{CE328048-4DCF-4717-ACB9-A7359B565C71}.Debug|Any CPU.Build.0 = Debug|Any CPU
		{CE328048-4DCF-4717-ACB9-A7359B565C71}.Release|Any CPU.ActiveCfg = Release|Any CPU
		{CE328048-4DCF-4717-ACB9-A7359B565C71}.Release|Any CPU.Build.0 = Release|Any CPU
	EndGlobalSection
EndGlobal
